
Microsoft Visual Studio Solution File, Format Version 11.00
# Visual Studio 2010
Project("{FAE04EC0-301F-11D3-BF4B-00C04F79EFBC}") = "Cnzk.Library.Interactivity", "Cnzk.Library.Interactivity\Cnzk.Library.Interactivity.csproj", "{DAE1AA33-0557-4D23-98D3-90A2B7A92C3E}"
EndProject
Project("{FAE04EC0-301F-11D3-BF4B-00C04F79EFBC}") = "Cnzk.Library.TryApp", "Cnzk.Library.TryApp\Cnzk.Library.TryApp.csproj", "{FF6DC67A-3338-4C13-9DB0-D96998732176}"
EndProject
Project("{FAE04EC0-301F-11D3-BF4B-00C04F79EFBC}") = "Cnzk.Library.TryApp.Web", "Cnzk.Library.TryApp.Web\Cnzk.Library.TryApp.Web.csproj", "{BF265F04-38DF-4F84-9B8A-B0EA23BE8D51}"
EndProject
Global
	GlobalSection(SolutionConfigurationPlatforms) = preSolution
		Debug|Any CPU = Debug|Any CPU
		Release|Any CPU = Release|Any CPU
	EndGlobalSection
	GlobalSection(ProjectConfigurationPlatforms) = postSolution
		{DAE1AA33-0557-4D23-98D3-90A2B7A92C3E}.Debug|Any CPU.ActiveCfg = Debug|Any CPU
		{DAE1AA33-0557-4D23-98D3-90A2B7A92C3E}.Debug|Any CPU.Build.0 = Debug|Any CPU
		{DAE1AA33-0557-4D23-98D3-90A2B7A92C3E}.Release|Any CPU.ActiveCfg = Release|Any CPU
		{DAE1AA33-0557-4D23-98D3-90A2B7A92C3E}.Release|Any CPU.Build.0 = Release|Any CPU
		{FF6DC67A-3338-4C13-9DB0-D96998732176}.Debug|Any CPU.ActiveCfg = Debug|Any CPU
		{FF6DC67A-3338-4C13-9DB0-D96998732176}.Debug|Any CPU.Build.0 = Debug|Any CPU
		{FF6DC67A-3338-4C13-9DB0-D96998732176}.Release|Any CPU.ActiveCfg = Release|Any CPU
		{FF6DC67A-3338-4C13-9DB0-D96998732176}.Release|Any CPU.Build.0 = Release|Any CPU
		{BF265F04-38DF-4F84-9B8A-B0EA23BE8D51}.Debug|Any CPU.ActiveCfg = Debug|Any CPU
		{BF265F04-38DF-4F84-9B8A-B0EA23BE8D51}.Debug|Any CPU.Build.0 = Debug|Any CPU
		{BF265F04-38DF-4F84-9B8A-B0EA23BE8D51}.Release|Any CPU.ActiveCfg = Release|Any CPU
		{BF265F04-38DF-4F84-9B8A-B0EA23BE8D51}.Release|Any CPU.Build.0 = Release|Any CPU
	EndGlobalSection
	GlobalSection(SolutionProperties) = preSolution
		HideSolutionNode = FALSE
	EndGlobalSection
EndGlobal
